
Microsoft Visual Studio Solution File, Format Version 12.00
# Visual Studio 15
VisualStudioVersion = 15.0.28307.539
MinimumVisualStudioVersion = 10.0.40219.1
Project("{888888A0-9F3D-457C-B088-3A5042F75D52}") = "ProjectPERU_DataCollection", "ProjectPERU_DataCollection\ProjectPERU_DataCollection.pyproj", "{F6E5620E-5CA9-411A-A4E4-35822155A9BC}"
EndProject
Global
	GlobalSection(SolutionConfigurationPlatforms) = preSolution
		Debug|Any CPU = Debug|Any CPU
		Release|Any CPU = Release|Any CPU
	EndGlobalSection
	GlobalSection(ProjectConfigurationPlatforms) = postSolution
		{F6E5620E-5CA9-411A-A4E4-35822155A9BC}.Debug|Any CPU.ActiveCfg = Debug|Any CPU
		{F6E5620E-5CA9-411A-A4E4-35822155A9BC}.Release|Any CPU.ActiveCfg = Release|Any CPU
	EndGlobalSection
	GlobalSection(SolutionProperties) = preSolution
		HideSolutionNode = FALSE
	EndGlobalSection
	GlobalSection(ExtensibilityGlobals) = postSolution
		SolutionGuid = {BA8A2D0E-D627-44FB-843A-7C5CBD91DEF4}
	EndGlobalSection
EndGlobal
