
Microsoft Visual Studio Solution File, Format Version 12.00
# Visual Studio 15
VisualStudioVersion = 15.0.28307.572
MinimumVisualStudioVersion = 10.0.40219.1
Project("{888888A0-9F3D-457C-B088-3A5042F75D52}") = "Linear_Regression", "ProjectPERU_Classifiers\Linear_Regression.pyproj", "{A76329DF-144A-48B6-9DA3-1C3C1B876E3F}"
EndProject
Project("{888888A0-9F3D-457C-B088-3A5042F75D52}") = "SVM", "SVM\SVM.pyproj", "{B466B68E-4F76-415D-9FE8-682D89B8620A}"
EndProject
Project("{888888A0-9F3D-457C-B088-3A5042F75D52}") = "Naive_Bayes", "Naive_Bayes\Naive_Bayes.pyproj", "{CE918884-8569-432A-A9AF-783846AAF148}"
EndProject
Global
	GlobalSection(SolutionConfigurationPlatforms) = preSolution
		Debug|Any CPU = Debug|Any CPU
		Release|Any CPU = Release|Any CPU
	EndGlobalSection
	GlobalSection(ProjectConfigurationPlatforms) = postSolution
		{A76329DF-144A-48B6-9DA3-1C3C1B876E3F}.Debug|Any CPU.ActiveCfg = Debug|Any CPU
		{A76329DF-144A-48B6-9DA3-1C3C1B876E3F}.Release|Any CPU.ActiveCfg = Release|Any CPU
		{B466B68E-4F76-415D-9FE8-682D89B8620A}.Debug|Any CPU.ActiveCfg = Debug|Any CPU
		{B466B68E-4F76-415D-9FE8-682D89B8620A}.Release|Any CPU.ActiveCfg = Release|Any CPU
		{CE918884-8569-432A-A9AF-783846AAF148}.Debug|Any CPU.ActiveCfg = Debug|Any CPU
		{CE918884-8569-432A-A9AF-783846AAF148}.Release|Any CPU.ActiveCfg = Release|Any CPU
	EndGlobalSection
	GlobalSection(SolutionProperties) = preSolution
		HideSolutionNode = FALSE
	EndGlobalSection
	GlobalSection(ExtensibilityGlobals) = postSolution
		SolutionGuid = {4FEC82E6-D3E4-4C08-84E1-38002E35FC11}
	EndGlobalSection
EndGlobal
