
Microsoft Visual Studio Solution File, Format Version 12.00
# Visual Studio 15
VisualStudioVersion = 15.0.28307.539
MinimumVisualStudioVersion = 10.0.40219.1
Project("{888888A0-9F3D-457C-B088-3A5042F75D52}") = "ProjectPERU_DataAnalysis", "ProjectPERU_DataAnalysis\ProjectPERU_DataAnalysis.pyproj", "{FC8565F3-2391-4229-B218-66E7340D2DD1}"
EndProject
Global
	GlobalSection(SolutionConfigurationPlatforms) = preSolution
		Debug|Any CPU = Debug|Any CPU
		Release|Any CPU = Release|Any CPU
	EndGlobalSection
	GlobalSection(ProjectConfigurationPlatforms) = postSolution
		{FC8565F3-2391-4229-B218-66E7340D2DD1}.Debug|Any CPU.ActiveCfg = Debug|Any CPU
		{FC8565F3-2391-4229-B218-66E7340D2DD1}.Release|Any CPU.ActiveCfg = Release|Any CPU
	EndGlobalSection
	GlobalSection(SolutionProperties) = preSolution
		HideSolutionNode = FALSE
	EndGlobalSection
	GlobalSection(ExtensibilityGlobals) = postSolution
		SolutionGuid = {4455EF12-A0CD-4078-8E5E-2487773F2A09}
	EndGlobalSection
EndGlobal
